
Microsoft Visual Studio Solution File, Format Version 12.00
# Visual Studio 14
VisualStudioVersion = 14.0.25420.1
MinimumVisualStudioVersion = 10.0.40219.1
Project("{FAE04EC0-301F-11D3-BF4B-00C04F79EFBC}") = "UWPStreamer", "UWPStreamer\UWPStreamer.csproj", "{D727D4AB-F232-4A63-B248-4ECF2A74D940}"
EndProject
Project("{FAE04EC0-301F-11D3-BF4B-00C04F79EFBC}") = "XAMStreamer", "XAMStreamer\XAMStreamer\XAMStreamer.csproj", "{8B728DF7-245F-4E26-8310-D0CCF53521EB}"
EndProject
Project("{FAE04EC0-301F-11D3-BF4B-00C04F79EFBC}") = "XAMStreamer.Droid", "XAMStreamer\XAMStreamer.Droid\XAMStreamer.Droid.csproj", "{B298D8F4-6553-45AD-A2CB-786985F19B22}"
EndProject
Project("{FAE04EC0-301F-11D3-BF4B-00C04F79EFBC}") = "XAMStreamer.iOS", "XAMStreamer\XAMStreamer.iOS\XAMStreamer.iOS.csproj", "{39CF9CE6-A0E2-4C93-8822-ED50BE266565}"
EndProject
Global
	GlobalSection(SolutionConfigurationPlatforms) = preSolution
		Ad-Hoc|Any CPU = Ad-Hoc|Any CPU
		Ad-Hoc|ARM = Ad-Hoc|ARM
		Ad-Hoc|iPhone = Ad-Hoc|iPhone
		Ad-Hoc|iPhoneSimulator = Ad-Hoc|iPhoneSimulator
		Ad-Hoc|x64 = Ad-Hoc|x64
		Ad-Hoc|x86 = Ad-Hoc|x86
		AppStore|Any CPU = AppStore|Any CPU
		AppStore|ARM = AppStore|ARM
		AppStore|iPhone = AppStore|iPhone
		AppStore|iPhoneSimulator = AppStore|iPhoneSimulator
		AppStore|x64 = AppStore|x64
		AppStore|x86 = AppStore|x86
		Debug|Any CPU = Debug|Any CPU
		Debug|ARM = Debug|ARM
		Debug|iPhone = Debug|iPhone
		Debug|iPhoneSimulator = Debug|iPhoneSimulator
		Debug|x64 = Debug|x64
		Debug|x86 = Debug|x86
		Release|Any CPU = Release|Any CPU
		Release|ARM = Release|ARM
		Release|iPhone = Release|iPhone
		Release|iPhoneSimulator = Release|iPhoneSimulator
		Release|x64 = Release|x64
		Release|x86 = Release|x86
	EndGlobalSection
	GlobalSection(ProjectConfigurationPlatforms) = postSolution
		{D727D4AB-F232-4A63-B248-4ECF2A74D940}.Ad-Hoc|Any CPU.ActiveCfg = Release|x86
		{D727D4AB-F232-4A63-B248-4ECF2A74D940}.Ad-Hoc|Any CPU.Build.0 = Release|x86
		{D727D4AB-F232-4A63-B248-4ECF2A74D940}.Ad-Hoc|Any CPU.Deploy.0 = Release|x86
		{D727D4AB-F232-4A63-B248-4ECF2A74D940}.Ad-Hoc|ARM.ActiveCfg = Release|ARM
		{D727D4AB-F232-4A63-B248-4ECF2A74D940}.Ad-Hoc|ARM.Build.0 = Release|ARM
		{D727D4AB-F232-4A63-B248-4ECF2A74D940}.Ad-Hoc|ARM.Deploy.0 = Release|ARM
		{D727D4AB-F232-4A63-B248-4ECF2A74D940}.Ad-Hoc|iPhone.ActiveCfg = Release|x86
		{D727D4AB-F232-4A63-B248-4ECF2A74D940}.Ad-Hoc|iPhone.Build.0 = Release|x86
		{D727D4AB-F232-4A63-B248-4ECF2A74D940}.Ad-Hoc|iPhone.Deploy.0 = Release|x86
		{D727D4AB-F232-4A63-B248-4ECF2A74D940}.Ad-Hoc|iPhoneSimulator.ActiveCfg = Release|x86
		{D727D4AB-F232-4A63-B248-4ECF2A74D940}.Ad-Hoc|iPhoneSimulator.Build.0 = Release|x86
		{D727D4AB-F232-4A63-B248-4ECF2A74D940}.Ad-Hoc|iPhoneSimulator.Deploy.0 = Release|x86
		{D727D4AB-F232-4A63-B248-4ECF2A74D940}.Ad-Hoc|x64.ActiveCfg = Release|x64
		{D727D4AB-F232-4A63-B248-4ECF2A74D940}.Ad-Hoc|x64.Build.0 = Release|x64
		{D727D4AB-F232-4A63-B248-4ECF2A74D940}.Ad-Hoc|x64.Deploy.0 = Release|x64
		{D727D4AB-F232-4A63-B248-4ECF2A74D940}.Ad-Hoc|x86.ActiveCfg = Release|x86
		{D727D4AB-F232-4A63-B248-4ECF2A74D940}.Ad-Hoc|x86.Build.0 = Release|x86
		{D727D4AB-F232-4A63-B248-4ECF2A74D940}.Ad-Hoc|x86.Deploy.0 = Release|x86
		{D727D4AB-F232-4A63-B248-4ECF2A74D940}.AppStore|Any CPU.ActiveCfg = Release|x86
		{D727D4AB-F232-4A63-B248-4ECF2A74D940}.AppStore|Any CPU.Build.0 = Release|x86
		{D727D4AB-F232-4A63-B248-4ECF2A74D940}.AppStore|Any CPU.Deploy.0 = Release|x86
		{D727D4AB-F232-4A63-B248-4ECF2A74D940}.AppStore|ARM.ActiveCfg = Release|ARM
		{D727D4AB-F232-4A63-B248-4ECF2A74D940}.AppStore|ARM.Build.0 = Release|ARM
		{D727D4AB-F232-4A63-B248-4ECF2A74D940}.AppStore|ARM.Deploy.0 = Release|ARM
		{D727D4AB-F232-4A63-B248-4ECF2A74D940}.AppStore|iPhone.ActiveCfg = Release|x86
		{D727D4AB-F232-4A63-B248-4ECF2A74D940}.AppStore|iPhone.Build.0 = Release|x86
		{D727D4AB-F232-4A63-B248-4ECF2A74D940}.AppStore|iPhone.Deploy.0 = Release|x86
		{D727D4AB-F232-4A63-B248-4ECF2A74D940}.AppStore|iPhoneSimulator.ActiveCfg = Release|x86
		{D727D4AB-F232-4A63-B248-4ECF2A74D940}.AppStore|iPhoneSimulator.Build.0 = Release|x86
		{D727D4AB-F232-4A63-B248-4ECF2A74D940}.AppStore|iPhoneSimulator.Deploy.0 = Release|x86
		{D727D4AB-F232-4A63-B248-4ECF2A74D940}.AppStore|x64.ActiveCfg = Release|x64
		{D727D4AB-F232-4A63-B248-4ECF2A74D940}.AppStore|x64.Build.0 = Release|x64
		{D727D4AB-F232-4A63-B248-4ECF2A74D940}.AppStore|x64.Deploy.0 = Release|x64
		{D727D4AB-F232-4A63-B248-4ECF2A74D940}.AppStore|x86.ActiveCfg = Release|x86
		{D727D4AB-F232-4A63-B248-4ECF2A74D940}.AppStore|x86.Build.0 = Release|x86
		{D727D4AB-F232-4A63-B248-4ECF2A74D940}.AppStore|x86.Deploy.0 = Release|x86
		{D727D4AB-F232-4A63-B248-4ECF2A74D940}.Debug|Any CPU.ActiveCfg = Debug|x86
		{D727D4AB-F232-4A63-B248-4ECF2A74D940}.Debug|ARM.ActiveCfg = Debug|ARM
		{D727D4AB-F232-4A63-B248-4ECF2A74D940}.Debug|ARM.Build.0 = Debug|ARM
		{D727D4AB-F232-4A63-B248-4ECF2A74D940}.Debug|ARM.Deploy.0 = Debug|ARM
		{D727D4AB-F232-4A63-B248-4ECF2A74D940}.Debug|iPhone.ActiveCfg = Debug|x86
		{D727D4AB-F232-4A63-B248-4ECF2A74D940}.Debug|iPhoneSimulator.ActiveCfg = Debug|x86
		{D727D4AB-F232-4A63-B248-4ECF2A74D940}.Debug|x64.ActiveCfg = Debug|x64
		{D727D4AB-F232-4A63-B248-4ECF2A74D940}.Debug|x64.Build.0 = Debug|x64
		{D727D4AB-F232-4A63-B248-4ECF2A74D940}.Debug|x64.Deploy.0 = Debug|x64
		{D727D4AB-F232-4A63-B248-4ECF2A74D940}.Debug|x86.ActiveCfg = Debug|x86
		{D727D4AB-F232-4A63-B248-4ECF2A74D940}.Debug|x86.Build.0 = Debug|x86
		{D727D4AB-F232-4A63-B248-4ECF2A74D940}.Debug|x86.Deploy.0 = Debug|x86
		{D727D4AB-F232-4A63-B248-4ECF2A74D940}.Release|Any CPU.ActiveCfg = Release|x86
		{D727D4AB-F232-4A63-B248-4ECF2A74D940}.Release|ARM.ActiveCfg = Release|ARM
		{D727D4AB-F232-4A63-B248-4ECF2A74D940}.Release|ARM.Build.0 = Release|ARM
		{D727D4AB-F232-4A63-B248-4ECF2A74D940}.Release|ARM.Deploy.0 = Release|ARM
		{D727D4AB-F232-4A63-B248-4ECF2A74D940}.Release|iPhone.ActiveCfg = Release|x86
		{D727D4AB-F232-4A63-B248-4ECF2A74D940}.Release|iPhoneSimulator.ActiveCfg = Release|x86
		{D727D4AB-F232-4A63-B248-4ECF2A74D940}.Release|x64.ActiveCfg = Release|x64
		{D727D4AB-F232-4A63-B248-4ECF2A74D940}.Release|x64.Build.0 = Release|x64
		{D727D4AB-F232-4A63-B248-4ECF2A74D940}.Release|x64.Deploy.0 = Release|x64
		{D727D4AB-F232-4A63-B248-4ECF2A74D940}.Release|x86.ActiveCfg = Release|x86
		{D727D4AB-F232-4A63-B248-4ECF2A74D940}.Release|x86.Build.0 = Release|x86
		{D727D4AB-F232-4A63-B248-4ECF2A74D940}.Release|x86.Deploy.0 = Release|x86
		{8B728DF7-245F-4E26-8310-D0CCF53521EB}.Ad-Hoc|Any CPU.ActiveCfg = Release|Any CPU
		{8B728DF7-245F-4E26-8310-D0CCF53521EB}.Ad-Hoc|Any CPU.Build.0 = Release|Any CPU
		{8B728DF7-245F-4E26-8310-D0CCF53521EB}.Ad-Hoc|ARM.ActiveCfg = Release|Any CPU
		{8B728DF7-245F-4E26-8310-D0CCF53521EB}.Ad-Hoc|ARM.Build.0 = Release|Any CPU
		{8B728DF7-245F-4E26-8310-D0CCF53521EB}.Ad-Hoc|iPhone.ActiveCfg = Release|Any CPU
		{8B728DF7-245F-4E26-8310-D0CCF53521EB}.Ad-Hoc|iPhone.Build.0 = Release|Any CPU
		{8B728DF7-245F-4E26-8310-D0CCF53521EB}.Ad-Hoc|iPhoneSimulator.ActiveCfg = Release|Any CPU
		{8B728DF7-245F-4E26-8310-D0CCF53521EB}.Ad-Hoc|iPhoneSimulator.Build.0 = Release|Any CPU
		{8B728DF7-245F-4E26-8310-D0CCF53521EB}.Ad-Hoc|x64.ActiveCfg = Release|Any CPU
		{8B728DF7-245F-4E26-8310-D0CCF53521EB}.Ad-Hoc|x64.Build.0 = Release|Any CPU
		{8B728DF7-245F-4E26-8310-D0CCF53521EB}.Ad-Hoc|x86.ActiveCfg = Release|Any CPU
		{8B728DF7-245F-4E26-8310-D0CCF53521EB}.Ad-Hoc|x86.Build.0 = Release|Any CPU
		{8B728DF7-245F-4E26-8310-D0CCF53521EB}.AppStore|Any CPU.ActiveCfg = Release|Any CPU
		{8B728DF7-245F-4E26-8310-D0CCF53521EB}.AppStore|Any CPU.Build.0 = Release|Any CPU
		{8B728DF7-245F-4E26-8310-D0CCF53521EB}.AppStore|ARM.ActiveCfg = Release|Any CPU
		{8B728DF7-245F-4E26-8310-D0CCF53521EB}.AppStore|ARM.Build.0 = Release|Any CPU
		{8B728DF7-245F-4E26-8310-D0CCF53521EB}.AppStore|iPhone.ActiveCfg = Release|Any CPU
		{8B728DF7-245F-4E26-8310-D0CCF53521EB}.AppStore|iPhone.Build.0 = Release|Any CPU
		{8B728DF7-245F-4E26-8310-D0CCF53521EB}.AppStore|iPhoneSimulator.ActiveCfg = Release|Any CPU
		{8B728DF7-245F-4E26-8310-D0CCF53521EB}.AppStore|iPhoneSimulator.Build.0 = Release|Any CPU
		{8B728DF7-245F-4E26-8310-D0CCF53521EB}.AppStore|x64.ActiveCfg = Release|Any CPU
		{8B728DF7-245F-4E26-8310-D0CCF53521EB}.AppStore|x64.Build.0 = Release|Any CPU
		{8B728DF7-245F-4E26-8310-D0CCF53521EB}.AppStore|x86.ActiveCfg = Release|Any CPU
		{8B728DF7-245F-4E26-8310-D0CCF53521EB}.AppStore|x86.Build.0 = Release|Any CPU
		{8B728DF7-245F-4E26-8310-D0CCF53521EB}.Debug|Any CPU.ActiveCfg = Debug|Any CPU
		{8B728DF7-245F-4E26-8310-D0CCF53521EB}.Debug|Any CPU.Build.0 = Debug|Any CPU
		{8B728DF7-245F-4E26-8310-D0CCF53521EB}.Debug|ARM.ActiveCfg = Debug|Any CPU
		{8B728DF7-245F-4E26-8310-D0CCF53521EB}.Debug|ARM.Build.0 = Debug|Any CPU
		{8B728DF7-245F-4E26-8310-D0CCF53521EB}.Debug|iPhone.ActiveCfg = Debug|Any CPU
		{8B728DF7-245F-4E26-8310-D0CCF53521EB}.Debug|iPhone.Build.0 = Debug|Any CPU
		{8B728DF7-245F-4E26-8310-D0CCF53521EB}.Debug|iPhoneSimulator.ActiveCfg = Debug|Any CPU
		{8B728DF7-245F-4E26-8310-D0CCF53521EB}.Debug|iPhoneSimulator.Build.0 = Debug|Any CPU
		{8B728DF7-245F-4E26-8310-D0CCF53521EB}.Debug|x64.ActiveCfg = Debug|Any CPU
		{8B728DF7-245F-4E26-8310-D0CCF53521EB}.Debug|x64.Build.0 = Debug|Any CPU
		{8B728DF7-245F-4E26-8310-D0CCF53521EB}.Debug|x86.ActiveCfg = Debug|Any CPU
		{8B728DF7-245F-4E26-8310-D0CCF53521EB}.Debug|x86.Build.0 = Debug|Any CPU
		{8B728DF7-245F-4E26-8310-D0CCF53521EB}.Release|Any CPU.ActiveCfg = Release|Any CPU
		{8B728DF7-245F-4E26-8310-D0CCF53521EB}.Release|Any CPU.Build.0 = Release|Any CPU
		{8B728DF7-245F-4E26-8310-D0CCF53521EB}.Release|ARM.ActiveCfg = Release|Any CPU
		{8B728DF7-245F-4E26-8310-D0CCF53521EB}.Release|ARM.Build.0 = Release|Any CPU
		{8B728DF7-245F-4E26-8310-D0CCF53521EB}.Release|iPhone.ActiveCfg = Release|Any CPU
		{8B728DF7-245F-4E26-8310-D0CCF53521EB}.Release|iPhone.Build.0 = Release|Any CPU
		{8B728DF7-245F-4E26-8310-D0CCF53521EB}.Release|iPhoneSimulator.ActiveCfg = Release|Any CPU
		{8B728DF7-245F-4E26-8310-D0CCF53521EB}.Release|iPhoneSimulator.Build.0 = Release|Any CPU
		{8B728DF7-245F-4E26-8310-D0CCF53521EB}.Release|x64.ActiveCfg = Release|Any CPU
		{8B728DF7-245F-4E26-8310-D0CCF53521EB}.Release|x64.Build.0 = Release|Any CPU
		{8B728DF7-245F-4E26-8310-D0CCF53521EB}.Release|x86.ActiveCfg = Release|Any CPU
		{8B728DF7-245F-4E26-8310-D0CCF53521EB}.Release|x86.Build.0 = Release|Any CPU
		{B298D8F4-6553-45AD-A2CB-786985F19B22}.Ad-Hoc|Any CPU.ActiveCfg = Release|Any CPU
		{B298D8F4-6553-45AD-A2CB-786985F19B22}.Ad-Hoc|Any CPU.Build.0 = Release|Any CPU
		{B298D8F4-6553-45AD-A2CB-786985F19B22}.Ad-Hoc|Any CPU.Deploy.0 = Release|Any CPU
		{B298D8F4-6553-45AD-A2CB-786985F19B22}.Ad-Hoc|ARM.ActiveCfg = Release|Any CPU
		{B298D8F4-6553-45AD-A2CB-786985F19B22}.Ad-Hoc|ARM.Build.0 = Release|Any CPU
		{B298D8F4-6553-45AD-A2CB-786985F19B22}.Ad-Hoc|ARM.Deploy.0 = Release|Any CPU
		{B298D8F4-6553-45AD-A2CB-786985F19B22}.Ad-Hoc|iPhone.ActiveCfg = Release|Any CPU
		{B298D8F4-6553-45AD-A2CB-786985F19B22}.Ad-Hoc|iPhone.Build.0 = Release|Any CPU
		{B298D8F4-6553-45AD-A2CB-786985F19B22}.Ad-Hoc|iPhone.Deploy.0 = Release|Any CPU
		{B298D8F4-6553-45AD-A2CB-786985F19B22}.Ad-Hoc|iPhoneSimulator.ActiveCfg = Release|Any CPU
		{B298D8F4-6553-45AD-A2CB-786985F19B22}.Ad-Hoc|iPhoneSimulator.Build.0 = Release|Any CPU
		{B298D8F4-6553-45AD-A2CB-786985F19B22}.Ad-Hoc|iPhoneSimulator.Deploy.0 = Release|Any CPU
		{B298D8F4-6553-45AD-A2CB-786985F19B22}.Ad-Hoc|x64.ActiveCfg = Release|Any CPU
		{B298D8F4-6553-45AD-A2CB-786985F19B22}.Ad-Hoc|x64.Build.0 = Release|Any CPU
		{B298D8F4-6553-45AD-A2CB-786985F19B22}.Ad-Hoc|x64.Deploy.0 = Release|Any CPU
		{B298D8F4-6553-45AD-A2CB-786985F19B22}.Ad-Hoc|x86.ActiveCfg = Release|Any CPU
		{B298D8F4-6553-45AD-A2CB-786985F19B22}.Ad-Hoc|x86.Build.0 = Release|Any CPU
		{B298D8F4-6553-45AD-A2CB-786985F19B22}.Ad-Hoc|x86.Deploy.0 = Release|Any CPU
		{B298D8F4-6553-45AD-A2CB-786985F19B22}.AppStore|Any CPU.ActiveCfg = Release|Any CPU
		{B298D8F4-6553-45AD-A2CB-786985F19B22}.AppStore|Any CPU.Build.0 = Release|Any CPU
		{B298D8F4-6553-45AD-A2CB-786985F19B22}.AppStore|Any CPU.Deploy.0 = Release|Any CPU
		{B298D8F4-6553-45AD-A2CB-786985F19B22}.AppStore|ARM.ActiveCfg = Release|Any CPU
		{B298D8F4-6553-45AD-A2CB-786985F19B22}.AppStore|ARM.Build.0 = Release|Any CPU
		{B298D8F4-6553-45AD-A2CB-786985F19B22}.AppStore|ARM.Deploy.0 = Release|Any CPU
		{B298D8F4-6553-45AD-A2CB-786985F19B22}.AppStore|iPhone.ActiveCfg = Release|Any CPU
		{B298D8F4-6553-45AD-A2CB-786985F19B22}.AppStore|iPhone.Build.0 = Release|Any CPU
		{B298D8F4-6553-45AD-A2CB-786985F19B22}.AppStore|iPhone.Deploy.0 = Release|Any CPU
		{B298D8F4-6553-45AD-A2CB-786985F19B22}.AppStore|iPhoneSimulator.ActiveCfg = Release|Any CPU
		{B298D8F4-6553-45AD-A2CB-786985F19B22}.AppStore|iPhoneSimulator.Build.0 = Release|Any CPU
		{B298D8F4-6553-45AD-A2CB-786985F19B22}.AppStore|iPhoneSimulator.Deploy.0 = Release|Any CPU
		{B298D8F4-6553-45AD-A2CB-786985F19B22}.AppStore|x64.ActiveCfg = Release|Any CPU
		{B298D8F4-6553-45AD-A2CB-786985F19B22}.AppStore|x64.Build.0 = Release|Any CPU
		{B298D8F4-6553-45AD-A2CB-786985F19B22}.AppStore|x64.Deploy.0 = Release|Any CPU
		{B298D8F4-6553-45AD-A2CB-786985F19B22}.AppStore|x86.ActiveCfg = Release|Any CPU
		{B298D8F4-6553-45AD-A2CB-786985F19B22}.AppStore|x86.Build.0 = Release|Any CPU
		{B298D8F4-6553-45AD-A2CB-786985F19B22}.AppStore|x86.Deploy.0 = Release|Any CPU
		{B298D8F4-6553-45AD-A2CB-786985F19B22}.Debug|Any CPU.ActiveCfg = Debug|Any CPU
		{B298D8F4-6553-45AD-A2CB-786985F19B22}.Debug|Any CPU.Build.0 = Debug|Any CPU
		{B298D8F4-6553-45AD-A2CB-786985F19B22}.Debug|Any CPU.Deploy.0 = Debug|Any CPU
		{B298D8F4-6553-45AD-A2CB-786985F19B22}.Debug|ARM.ActiveCfg = Debug|Any CPU
		{B298D8F4-6553-45AD-A2CB-786985F19B22}.Debug|ARM.Build.0 = Debug|Any CPU
		{B298D8F4-6553-45AD-A2CB-786985F19B22}.Debug|ARM.Deploy.0 = Debug|Any CPU
		{B298D8F4-6553-45AD-A2CB-786985F19B22}.Debug|iPhone.ActiveCfg = Debug|Any CPU
		{B298D8F4-6553-45AD-A2CB-786985F19B22}.Debug|iPhone.Build.0 = Debug|Any CPU
		{B298D8F4-6553-45AD-A2CB-786985F19B22}.Debug|iPhone.Deploy.0 = Debug|Any CPU
		{B298D8F4-6553-45AD-A2CB-786985F19B22}.Debug|iPhoneSimulator.ActiveCfg = Debug|Any CPU
		{B298D8F4-6553-45AD-A2CB-786985F19B22}.Debug|iPhoneSimulator.Build.0 = Debug|Any CPU
		{B298D8F4-6553-45AD-A2CB-786985F19B22}.Debug|iPhoneSimulator.Deploy.0 = Debug|Any CPU
		{B298D8F4-6553-45AD-A2CB-786985F19B22}.Debug|x64.ActiveCfg = Debug|Any CPU
		{B298D8F4-6553-45AD-A2CB-786985F19B22}.Debug|x64.Build.0 = Debug|Any CPU
		{B298D8F4-6553-45AD-A2CB-786985F19B22}.Debug|x64.Deploy.0 = Debug|Any CPU
		{B298D8F4-6553-45AD-A2CB-786985F19B22}.Debug|x86.ActiveCfg = Debug|Any CPU
		{B298D8F4-6553-45AD-A2CB-786985F19B22}.Debug|x86.Build.0 = Debug|Any CPU
		{B298D8F4-6553-45AD-A2CB-786985F19B22}.Debug|x86.Deploy.0 = Debug|Any CPU
		{B298D8F4-6553-45AD-A2CB-786985F19B22}.Release|Any CPU.ActiveCfg = Release|Any CPU
		{B298D8F4-6553-45AD-A2CB-786985F19B22}.Release|Any CPU.Build.0 = Release|Any CPU
		{B298D8F4-6553-45AD-A2CB-786985F19B22}.Release|Any CPU.Deploy.0 = Release|Any CPU
		{B298D8F4-6553-45AD-A2CB-786985F19B22}.Release|ARM.ActiveCfg = Release|Any CPU
		{B298D8F4-6553-45AD-A2CB-786985F19B22}.Release|ARM.Build.0 = Release|Any CPU
		{B298D8F4-6553-45AD-A2CB-786985F19B22}.Release|ARM.Deploy.0 = Release|Any CPU
		{B298D8F4-6553-45AD-A2CB-786985F19B22}.Release|iPhone.ActiveCfg = Release|Any CPU
		{B298D8F4-6553-45AD-A2CB-786985F19B22}.Release|iPhone.Build.0 = Release|Any CPU
		{B298D8F4-6553-45AD-A2CB-786985F19B22}.Release|iPhone.Deploy.0 = Release|Any CPU
		{B298D8F4-6553-45AD-A2CB-786985F19B22}.Release|iPhoneSimulator.ActiveCfg = Release|Any CPU
		{B298D8F4-6553-45AD-A2CB-786985F19B22}.Release|iPhoneSimulator.Build.0 = Release|Any CPU
		{B298D8F4-6553-45AD-A2CB-786985F19B22}.Release|iPhoneSimulator.Deploy.0 = Release|Any CPU
		{B298D8F4-6553-45AD-A2CB-786985F19B22}.Release|x64.ActiveCfg = Release|Any CPU
		{B298D8F4-6553-45AD-A2CB-786985F19B22}.Release|x64.Build.0 = Release|Any CPU
		{B298D8F4-6553-45AD-A2CB-786985F19B22}.Release|x64.Deploy.0 = Release|Any CPU
		{B298D8F4-6553-45AD-A2CB-786985F19B22}.Release|x86.ActiveCfg = Release|Any CPU
		{B298D8F4-6553-45AD-A2CB-786985F19B22}.Release|x86.Build.0 = Release|Any CPU
		{B298D8F4-6553-45AD-A2CB-786985F19B22}.Release|x86.Deploy.0 = Release|Any CPU
		{39CF9CE6-A0E2-4C93-8822-ED50BE266565}.Ad-Hoc|Any CPU.ActiveCfg = Ad-Hoc|iPhone
		{39CF9CE6-A0E2-4C93-8822-ED50BE266565}.Ad-Hoc|ARM.ActiveCfg = Ad-Hoc|iPhone
		{39CF9CE6-A0E2-4C93-8822-ED50BE266565}.Ad-Hoc|iPhone.ActiveCfg = Ad-Hoc|iPhone
		{39CF9CE6-A0E2-4C93-8822-ED50BE266565}.Ad-Hoc|iPhone.Build.0 = Ad-Hoc|iPhone
		{39CF9CE6-A0E2-4C93-8822-ED50BE266565}.Ad-Hoc|iPhoneSimulator.ActiveCfg = Ad-Hoc|iPhoneSimulator
		{39CF9CE6-A0E2-4C93-8822-ED50BE266565}.Ad-Hoc|iPhoneSimulator.Build.0 = Ad-Hoc|iPhoneSimulator
		{39CF9CE6-A0E2-4C93-8822-ED50BE266565}.Ad-Hoc|x64.ActiveCfg = Ad-Hoc|iPhone
		{39CF9CE6-A0E2-4C93-8822-ED50BE266565}.Ad-Hoc|x86.ActiveCfg = Ad-Hoc|iPhone
		{39CF9CE6-A0E2-4C93-8822-ED50BE266565}.AppStore|Any CPU.ActiveCfg = AppStore|iPhone
		{39CF9CE6-A0E2-4C93-8822-ED50BE266565}.AppStore|ARM.ActiveCfg = AppStore|iPhone
		{39CF9CE6-A0E2-4C93-8822-ED50BE266565}.AppStore|iPhone.ActiveCfg = AppStore|iPhone
		{39CF9CE6-A0E2-4C93-8822-ED50BE266565}.AppStore|iPhone.Build.0 = AppStore|iPhone
		{39CF9CE6-A0E2-4C93-8822-ED50BE266565}.AppStore|iPhoneSimulator.ActiveCfg = AppStore|iPhoneSimulator
		{39CF9CE6-A0E2-4C93-8822-ED50BE266565}.AppStore|iPhoneSimulator.Build.0 = AppStore|iPhoneSimulator
		{39CF9CE6-A0E2-4C93-8822-ED50BE266565}.AppStore|x64.ActiveCfg = AppStore|iPhone
		{39CF9CE6-A0E2-4C93-8822-ED50BE266565}.AppStore|x86.ActiveCfg = AppStore|iPhone
		{39CF9CE6-A0E2-4C93-8822-ED50BE266565}.Debug|Any CPU.ActiveCfg = Debug|iPhone
		{39CF9CE6-A0E2-4C93-8822-ED50BE266565}.Debug|ARM.ActiveCfg = Debug|iPhone
		{39CF9CE6-A0E2-4C93-8822-ED50BE266565}.Debug|iPhone.ActiveCfg = Debug|iPhone
		{39CF9CE6-A0E2-4C93-8822-ED50BE266565}.Debug|iPhone.Build.0 = Debug|iPhone
		{39CF9CE6-A0E2-4C93-8822-ED50BE266565}.Debug|iPhoneSimulator.ActiveCfg = Debug|iPhoneSimulator
		{39CF9CE6-A0E2-4C93-8822-ED50BE266565}.Debug|iPhoneSimulator.Build.0 = Debug|iPhoneSimulator
		{39CF9CE6-A0E2-4C93-8822-ED50BE266565}.Debug|x64.ActiveCfg = Debug|iPhone
		{39CF9CE6-A0E2-4C93-8822-ED50BE266565}.Debug|x86.ActiveCfg = Debug|iPhone
		{39CF9CE6-A0E2-4C93-8822-ED50BE266565}.Release|Any CPU.ActiveCfg = Release|iPhone
		{39CF9CE6-A0E2-4C93-8822-ED50BE266565}.Release|ARM.ActiveCfg = Release|iPhone
		{39CF9CE6-A0E2-4C93-8822-ED50BE266565}.Release|iPhone.ActiveCfg = Release|iPhone
		{39CF9CE6-A0E2-4C93-8822-ED50BE266565}.Release|iPhone.Build.0 = Release|iPhone
		{39CF9CE6-A0E2-4C93-8822-ED50BE266565}.Release|iPhoneSimulator.ActiveCfg = Release|iPhoneSimulator
		{39CF9CE6-A0E2-4C93-8822-ED50BE266565}.Release|iPhoneSimulator.Build.0 = Release|iPhoneSimulator
		{39CF9CE6-A0E2-4C93-8822-ED50BE266565}.Release|x64.ActiveCfg = Release|iPhone
		{39CF9CE6-A0E2-4C93-8822-ED50BE266565}.Release|x86.ActiveCfg = Release|iPhone
	EndGlobalSection
	GlobalSection(SolutionProperties) = preSolution
		HideSolutionNode = FALSE
	EndGlobalSection
EndGlobal
